
Microsoft Visual Studio Solution File, Format Version 12.00
# Visual Studio 2013
VisualStudioVersion = 12.0.40629.0
MinimumVisualStudioVersion = 10.0.40219.1
Project("{FAE04EC0-301F-11D3-BF4B-00C04F79EFBC}") = "Arena", "Arena\Arena.csproj", "{D8FDDA71-B680-4BC8-A1F5-B68F2906E16A}"
EndProject
Project("{FAE04EC0-301F-11D3-BF4B-00C04F79EFBC}") = "BotClient", "BotClient\BotClient.csproj", "{24CD1100-6472-44BC-A286-6DD2AF970E2A}"
EndProject
Project("{FAE04EC0-301F-11D3-BF4B-00C04F79EFBC}") = "SampleBot", "SampleBot\SampleBot.csproj", "{849F25C4-AA6D-46A9-AFD1-20569DBB1267}"
EndProject
Global
	GlobalSection(SolutionConfigurationPlatforms) = preSolution
		Debug|Any CPU = Debug|Any CPU
		Release|Any CPU = Release|Any CPU
	EndGlobalSection
	GlobalSection(ProjectConfigurationPlatforms) = postSolution
		{D8FDDA71-B680-4BC8-A1F5-B68F2906E16A}.Debug|Any CPU.ActiveCfg = Debug|Any CPU
		{D8FDDA71-B680-4BC8-A1F5-B68F2906E16A}.Debug|Any CPU.Build.0 = Debug|Any CPU
		{D8FDDA71-B680-4BC8-A1F5-B68F2906E16A}.Release|Any CPU.ActiveCfg = Release|Any CPU
		{D8FDDA71-B680-4BC8-A1F5-B68F2906E16A}.Release|Any CPU.Build.0 = Release|Any CPU
		{24CD1100-6472-44BC-A286-6DD2AF970E2A}.Debug|Any CPU.ActiveCfg = Debug|Any CPU
		{24CD1100-6472-44BC-A286-6DD2AF970E2A}.Debug|Any CPU.Build.0 = Debug|Any CPU
		{24CD1100-6472-44BC-A286-6DD2AF970E2A}.Release|Any CPU.ActiveCfg = Release|Any CPU
		{24CD1100-6472-44BC-A286-6DD2AF970E2A}.Release|Any CPU.Build.0 = Release|Any CPU
		{849F25C4-AA6D-46A9-AFD1-20569DBB1267}.Debug|Any CPU.ActiveCfg = Debug|Any CPU
		{849F25C4-AA6D-46A9-AFD1-20569DBB1267}.Debug|Any CPU.Build.0 = Debug|Any CPU
		{849F25C4-AA6D-46A9-AFD1-20569DBB1267}.Release|Any CPU.ActiveCfg = Release|Any CPU
		{849F25C4-AA6D-46A9-AFD1-20569DBB1267}.Release|Any CPU.Build.0 = Release|Any CPU
	EndGlobalSection
	GlobalSection(SolutionProperties) = preSolution
		HideSolutionNode = FALSE
	EndGlobalSection
EndGlobal
