
Microsoft Visual Studio Solution File, Format Version 12.00
# Visual Studio 2013
VisualStudioVersion = 12.0.40629.0
MinimumVisualStudioVersion = 10.0.40219.1
Project("{FAE04EC0-301F-11D3-BF4B-00C04F79EFBC}") = "Arena", "Arena\Arena.csproj", "{D8FDDA71-B680-4BC8-A1F5-B68F2906E16A}"
EndProject
Project("{FAE04EC0-301F-11D3-BF4B-00C04F79EFBC}") = "Common", "Game.Common\Common.csproj", "{A40D2185-D837-4773-8DD7-3830F0C9E3FF}"
EndProject
Project("{FAE04EC0-301F-11D3-BF4B-00C04F79EFBC}") = "SampleWebBotClient", "SampleWebBotClient\SampleWebBotClient.csproj", "{DE6068FC-D2DC-4567-9732-ADE401B6B1EA}"
EndProject
Project("{2150E333-8FDC-42A3-9474-1A3956D46DE8}") = "Plugins", "Plugins", "{D0E63415-844A-413F-9A67-05F602EB2B10}"
EndProject
Project("{FAE04EC0-301F-11D3-BF4B-00C04F79EFBC}") = "Game.TicTacToe", "Game.TicTacToe\Game.TicTacToe.csproj", "{EE3BBF9D-A0BF-4F11-91BC-21A5B5099730}"
EndProject
Project("{FAE04EC0-301F-11D3-BF4B-00C04F79EFBC}") = "Elimination.TournamentLadder", "Elimination.TournamentLadder\Elimination.TournamentLadder.csproj", "{5963818B-9CFD-4F59-88E0-15E0DFE36315}"
EndProject
Project("{FAE04EC0-301F-11D3-BF4B-00C04F79EFBC}") = "Game.TankBlaster", "Game.TankBlaster\Game.TankBlaster.csproj", "{8EB50EEF-B103-4A14-B5B1-2DAC34268D0F}"
EndProject
Project("{FAE04EC0-301F-11D3-BF4B-00C04F79EFBC}") = "Elimination.RoundRobin", "Elimination.RoundRobin\Elimination.RoundRobin.csproj", "{7E34827F-DD0B-42D7-8766-5C4D06A6D652}"
EndProject
Project("{FAE04EC0-301F-11D3-BF4B-00C04F79EFBC}") = "Game.AntWars", "Game.CubeClash\Game.AntWars.csproj", "{559C3C3A-F7CB-4F67-8800-D5C8ECED9E08}"
EndProject
Global
	GlobalSection(SolutionConfigurationPlatforms) = preSolution
		Debug|Any CPU = Debug|Any CPU
		Release|Any CPU = Release|Any CPU
	EndGlobalSection
	GlobalSection(ProjectConfigurationPlatforms) = postSolution
		{D8FDDA71-B680-4BC8-A1F5-B68F2906E16A}.Debug|Any CPU.ActiveCfg = Debug|Any CPU
		{D8FDDA71-B680-4BC8-A1F5-B68F2906E16A}.Debug|Any CPU.Build.0 = Debug|Any CPU
		{D8FDDA71-B680-4BC8-A1F5-B68F2906E16A}.Release|Any CPU.ActiveCfg = Release|Any CPU
		{D8FDDA71-B680-4BC8-A1F5-B68F2906E16A}.Release|Any CPU.Build.0 = Release|Any CPU
		{A40D2185-D837-4773-8DD7-3830F0C9E3FF}.Debug|Any CPU.ActiveCfg = Debug|Any CPU
		{A40D2185-D837-4773-8DD7-3830F0C9E3FF}.Debug|Any CPU.Build.0 = Debug|Any CPU
		{A40D2185-D837-4773-8DD7-3830F0C9E3FF}.Release|Any CPU.ActiveCfg = Release|Any CPU
		{A40D2185-D837-4773-8DD7-3830F0C9E3FF}.Release|Any CPU.Build.0 = Release|Any CPU
		{DE6068FC-D2DC-4567-9732-ADE401B6B1EA}.Debug|Any CPU.ActiveCfg = Debug|Any CPU
		{DE6068FC-D2DC-4567-9732-ADE401B6B1EA}.Debug|Any CPU.Build.0 = Debug|Any CPU
		{DE6068FC-D2DC-4567-9732-ADE401B6B1EA}.Release|Any CPU.ActiveCfg = Release|Any CPU
		{DE6068FC-D2DC-4567-9732-ADE401B6B1EA}.Release|Any CPU.Build.0 = Release|Any CPU
		{EE3BBF9D-A0BF-4F11-91BC-21A5B5099730}.Debug|Any CPU.ActiveCfg = Debug|Any CPU
		{EE3BBF9D-A0BF-4F11-91BC-21A5B5099730}.Debug|Any CPU.Build.0 = Debug|Any CPU
		{EE3BBF9D-A0BF-4F11-91BC-21A5B5099730}.Release|Any CPU.ActiveCfg = Release|Any CPU
		{EE3BBF9D-A0BF-4F11-91BC-21A5B5099730}.Release|Any CPU.Build.0 = Release|Any CPU
		{5963818B-9CFD-4F59-88E0-15E0DFE36315}.Debug|Any CPU.ActiveCfg = Debug|Any CPU
		{5963818B-9CFD-4F59-88E0-15E0DFE36315}.Debug|Any CPU.Build.0 = Debug|Any CPU
		{5963818B-9CFD-4F59-88E0-15E0DFE36315}.Release|Any CPU.ActiveCfg = Release|Any CPU
		{5963818B-9CFD-4F59-88E0-15E0DFE36315}.Release|Any CPU.Build.0 = Release|Any CPU
		{8EB50EEF-B103-4A14-B5B1-2DAC34268D0F}.Debug|Any CPU.ActiveCfg = Debug|Any CPU
		{8EB50EEF-B103-4A14-B5B1-2DAC34268D0F}.Debug|Any CPU.Build.0 = Debug|Any CPU
		{8EB50EEF-B103-4A14-B5B1-2DAC34268D0F}.Release|Any CPU.ActiveCfg = Release|Any CPU
		{8EB50EEF-B103-4A14-B5B1-2DAC34268D0F}.Release|Any CPU.Build.0 = Release|Any CPU
		{7E34827F-DD0B-42D7-8766-5C4D06A6D652}.Debug|Any CPU.ActiveCfg = Debug|Any CPU
		{7E34827F-DD0B-42D7-8766-5C4D06A6D652}.Debug|Any CPU.Build.0 = Debug|Any CPU
		{7E34827F-DD0B-42D7-8766-5C4D06A6D652}.Release|Any CPU.ActiveCfg = Release|Any CPU
		{7E34827F-DD0B-42D7-8766-5C4D06A6D652}.Release|Any CPU.Build.0 = Release|Any CPU
		{559C3C3A-F7CB-4F67-8800-D5C8ECED9E08}.Debug|Any CPU.ActiveCfg = Debug|Any CPU
		{559C3C3A-F7CB-4F67-8800-D5C8ECED9E08}.Debug|Any CPU.Build.0 = Debug|Any CPU
		{559C3C3A-F7CB-4F67-8800-D5C8ECED9E08}.Release|Any CPU.ActiveCfg = Release|Any CPU
		{559C3C3A-F7CB-4F67-8800-D5C8ECED9E08}.Release|Any CPU.Build.0 = Release|Any CPU
	EndGlobalSection
	GlobalSection(SolutionProperties) = preSolution
		HideSolutionNode = FALSE
	EndGlobalSection
	GlobalSection(NestedProjects) = preSolution
		{EE3BBF9D-A0BF-4F11-91BC-21A5B5099730} = {D0E63415-844A-413F-9A67-05F602EB2B10}
		{5963818B-9CFD-4F59-88E0-15E0DFE36315} = {D0E63415-844A-413F-9A67-05F602EB2B10}
		{8EB50EEF-B103-4A14-B5B1-2DAC34268D0F} = {D0E63415-844A-413F-9A67-05F602EB2B10}
		{7E34827F-DD0B-42D7-8766-5C4D06A6D652} = {D0E63415-844A-413F-9A67-05F602EB2B10}
		{559C3C3A-F7CB-4F67-8800-D5C8ECED9E08} = {D0E63415-844A-413F-9A67-05F602EB2B10}
	EndGlobalSection
EndGlobal
